# THIS IS AN AUTOGENERATED FILE. DO NOT EDIT THIS FILE DIRECTLY.
# yarn lockfile v1
base64-js@0.0.6:
  version "0.0.6"
  resolved "https://registry.yarnpkg.com/base64-js/-/base64-js-0.0.6.tgz#7b859f79f0bbbd55867ba67a7fab397e24a20947"

bindings@^1.2.1, bindings@~1.2.1:
  version "1.2.1"
  resolved "https://registry.yarnpkg.com/bindings/-/bindings-1.2.1.tgz#14ad6113812d2d37d72e67b4cacb4bb726505f11"

bplist-creator@0.0.4:
  version "0.0.4"
  resolved "https://registry.yarnpkg.com/bplist-creator/-/bplist-creator-0.0.4.tgz#4ac0496782e127a85c1d2026a4f5eb22a7aff991"
  dependencies:
    stream-buffers "~0.2.3"

bplist-parser@0.0.6:
  version "0.0.6"
  resolved "https://registry.yarnpkg.com/bplist-parser/-/bplist-parser-0.0.6.tgz#38da3471817df9d44ab3892e27707bbbd75a11b9"

buffer-shims@^1.0.0:
  version "1.0.0"
  resolved "https://registry.yarnpkg.com/buffer-shims/-/buffer-shims-1.0.0.tgz#9978ce317388c649ad8793028c3477ef044a8b51"

curve25519-n@^1.1.0:
  version "1.1.0"
  resolved "https://registry.yarnpkg.com/curve25519-n/-/curve25519-n-1.1.0.tgz#1f6d67b21232124f0187e8b4cf73b13b7e5a542b"
  dependencies:
    bindings "~1.2.1"
    nan "^2.0.9"

debug@^2.2.0:
  version "2.6.0"
  resolved "https://registry.yarnpkg.com/debug/-/debug-2.6.0.tgz#bc596bcabe7617f11d9fa15361eded5608b8499b"
  dependencies:
    ms "0.7.2"

ed25519@^0.0.4:
  version "0.0.4"
  resolved "https://registry.yarnpkg.com/ed25519/-/ed25519-0.0.4.tgz#e56218ace2fc903d259593aef0b2a9639f475beb"
  dependencies:
    bindings "^1.2.1"
    nan "^2.0.9"

fast-srp-hap@^1.0.0:
  version "1.0.0"
  resolved "https://registry.yarnpkg.com/fast-srp-hap/-/fast-srp-hap-1.0.0.tgz#2ac40f96d24b7297d0bc8594c004568a686957ff"

ip@^1.1.3:
  version "1.1.4"
  resolved "https://registry.yarnpkg.com/ip/-/ip-1.1.4.tgz#de8247ffef940451832550fba284945e6e039bfb"

lodash-node@~2.4.1:
  version "2.4.1"
  resolved "https://registry.yarnpkg.com/lodash-node/-/lodash-node-2.4.1.tgz#ea82f7b100c733d1a42af76801e506105e2a80ec"

mdns@^2.3.2:
  version "2.3.3"
  resolved "https://registry.yarnpkg.com/mdns/-/mdns-2.3.3.tgz#bbc6ad5407a230133d62e0da692f29f0bd49728e"
  dependencies:
    bindings "~1.2.1"
    nan "~2.3.0"

mkdirp@~0.3.5:
  version "0.3.5"
  resolved "https://registry.yarnpkg.com/mkdirp/-/mkdirp-0.3.5.tgz#de3e5f8961c88c787ee1368df849ac4413eca8d7"

ms@0.7.2:
  version "0.7.2"
  resolved "https://registry.yarnpkg.com/ms/-/ms-0.7.2.tgz#ae25cf2512b3885a1d95d7f037868d8431124765"

nan@^2.0.9:
  version "2.5.0"
  resolved "https://registry.yarnpkg.com/nan/-/nan-2.5.0.tgz#aa8f1e34531d807e9e27755b234b4a6ec0c152a8"

nan@~2.3.0:
  version "2.3.5"
  resolved "https://registry.yarnpkg.com/nan/-/nan-2.3.5.tgz#822a0dc266290ce4cd3a12282ca3e7e364668a08"

node-persist@^0.0.8:
  version "0.0.8"
  resolved "https://registry.yarnpkg.com/node-persist/-/node-persist-0.0.8.tgz#a56c739bc6ffd9ceef19c0e8d89597917f089249"
  dependencies:
    mkdirp "~0.3.5"
    q "~1.1.1"

plist@1.1.0:
  version "1.1.0"
  resolved "https://registry.yarnpkg.com/plist/-/plist-1.1.0.tgz#ff6708590c97cc438e7bc45de5251bd725f3f89d"
  dependencies:
    base64-js "0.0.6"
    util-deprecate "1.0.0"
    xmlbuilder "2.2.1"
    xmldom "0.1.x"

q@~1.1.1:
  version "1.1.2"
  resolved "https://registry.yarnpkg.com/q/-/q-1.1.2.tgz#6357e291206701d99f197ab84e57e8ad196f2a89"

simple-plist@0.0.4:
  version "0.0.4"
  resolved "https://registry.yarnpkg.com/simple-plist/-/simple-plist-0.0.4.tgz#7f863438b63cb75df99dd81b8336d7c5075cfc0b"
  dependencies:
    bplist-creator "0.0.4"
    bplist-parser "0.0.6"
    plist "1.1.0"

stream-buffers@~0.2.3:
  version "0.2.6"
  resolved "https://registry.yarnpkg.com/stream-buffers/-/stream-buffers-0.2.6.tgz#181c08d5bb3690045f69401b9ae6a7a0cf3313fc"

util-deprecate@1.0.0:
  version "1.0.0"
  resolved "https://registry.yarnpkg.com/util-deprecate/-/util-deprecate-1.0.0.tgz#3007af012c140eae26de05576ec22785cac3abf2"

xmlbuilder@2.2.1:
  version "2.2.1"
  resolved "https://registry.yarnpkg.com/xmlbuilder/-/xmlbuilder-2.2.1.tgz#9326430f130d87435d4c4086643aa2926e105a32"
  dependencies:
    lodash-node "~2.4.1"

xmldom@0.1.x:
  version "0.1.27"
  resolved "https://registry.yarnpkg.com/xmldom/-/xmldom-0.1.27.tgz#d501f97b3bdb403af8ef9ecc20573187aadac0e9"

